
Microsoft Visual Studio Solution File, Format Version 12.00
# Visual Studio Version 17
VisualStudioVersion = 17.1.32328.378
MinimumVisualStudioVersion = 10.0.40219.1
Project("{9A19103F-16F7-4668-BE54-9A1E7A4F7556}") = "wtm", "wtm.csproj", "{4E1B9982-C981-4681-8639-59021170FF11}"
EndProject
Project("{9A19103F-16F7-4668-BE54-9A1E7A4F7556}") = "wtm.Tests", "..\wtm.Tests\wtm.Tests.csproj", "{C6B55E28-3607-4CDE-AD48-2879F9A0820C}"
EndProject
Project("{9A19103F-16F7-4668-BE54-9A1E7A4F7556}") = "ConsoleAppTests", "..\ConsoleAppTests\ConsoleAppTests.csproj", "{50B393DD-6079-4C79-B027-048980189B38}"
EndProject
Global
	GlobalSection(SolutionConfigurationPlatforms) = preSolution
		Debug|Any CPU = Debug|Any CPU
		Release|Any CPU = Release|Any CPU
	EndGlobalSection
	GlobalSection(ProjectConfigurationPlatforms) = postSolution
		{4E1B9982-C981-4681-8639-59021170FF11}.Debug|Any CPU.ActiveCfg = Debug|Any CPU
		{4E1B9982-C981-4681-8639-59021170FF11}.Debug|Any CPU.Build.0 = Debug|Any CPU
		{4E1B9982-C981-4681-8639-59021170FF11}.Release|Any CPU.ActiveCfg = Release|Any CPU
		{4E1B9982-C981-4681-8639-59021170FF11}.Release|Any CPU.Build.0 = Release|Any CPU
		{C6B55E28-3607-4CDE-AD48-2879F9A0820C}.Debug|Any CPU.ActiveCfg = Debug|Any CPU
		{C6B55E28-3607-4CDE-AD48-2879F9A0820C}.Debug|Any CPU.Build.0 = Debug|Any CPU
		{C6B55E28-3607-4CDE-AD48-2879F9A0820C}.Release|Any CPU.ActiveCfg = Release|Any CPU
		{C6B55E28-3607-4CDE-AD48-2879F9A0820C}.Release|Any CPU.Build.0 = Release|Any CPU
		{50B393DD-6079-4C79-B027-048980189B38}.Debug|Any CPU.ActiveCfg = Debug|Any CPU
		{50B393DD-6079-4C79-B027-048980189B38}.Debug|Any CPU.Build.0 = Debug|Any CPU
		{50B393DD-6079-4C79-B027-048980189B38}.Release|Any CPU.ActiveCfg = Release|Any CPU
		{50B393DD-6079-4C79-B027-048980189B38}.Release|Any CPU.Build.0 = Release|Any CPU
	EndGlobalSection
	GlobalSection(SolutionProperties) = preSolution
		HideSolutionNode = FALSE
	EndGlobalSection
	GlobalSection(ExtensibilityGlobals) = postSolution
		SolutionGuid = {4A3E8ED8-513F-41A2-8FED-5EDA6739AD38}
	EndGlobalSection
EndGlobal
